Microsoft Visual Studio Solution File, Format Version 12.00
# Visual Studio Version 17
VisualStudioVersion = 17.5.2.0
MinimumVisualStudioVersion = 10.0.40219.1
Project("{2150E333-8FDC-42A3-9474-1A3956D46DE8}") = "hacker-news-api", "hacker-news-api", "{F2CA6E1F-5D38-DEF3-1244-C3B3A3BA5CF1}"
EndProject
Project("{FAE04EC0-301F-11D3-BF4B-00C04F79EFBC}") = "HackerNewsApi", "hacker-news-api\HackerNewsApi\HackerNewsApi.csproj", "{A9D71BEA-95D5-67D7-D25D-67658C793C07}"
EndProject
Global
	GlobalSection(SolutionConfigurationPlatforms) = preSolution
		Debug|Any CPU = Debug|Any CPU
		Release|Any CPU = Release|Any CPU
	EndGlobalSection
	GlobalSection(ProjectConfigurationPlatforms) = postSolution
		{A9D71BEA-95D5-67D7-D25D-67658C793C07}.Debug|Any CPU.ActiveCfg = Debug|Any CPU
		{A9D71BEA-95D5-67D7-D25D-67658C793C07}.Debug|Any CPU.Build.0 = Debug|Any CPU
		{A9D71BEA-95D5-67D7-D25D-67658C793C07}.Release|Any CPU.ActiveCfg = Release|Any CPU
		{A9D71BEA-95D5-67D7-D25D-67658C793C07}.Release|Any CPU.Build.0 = Release|Any CPU
	EndGlobalSection
	GlobalSection(SolutionProperties) = preSolution
		HideSolutionNode = FALSE
	EndGlobalSection
	GlobalSection(NestedProjects) = preSolution
		{A9D71BEA-95D5-67D7-D25D-67658C793C07} = {F2CA6E1F-5D38-DEF3-1244-C3B3A3BA5CF1}
	EndGlobalSection
	GlobalSection(ExtensibilityGlobals) = postSolution
		SolutionGuid = {24C40CF3-A7D8-40F9-BE78-AC7EB904869F}
	EndGlobalSection
EndGlobal
